// !$*UTF8*$!
{
	archiveVersion = 1;
	classes = {
	};
	objectVersion = 50;
	objects = {

/* Begin PBXBuildFile section */
		A202820F27B14AFD00408BB3 /* UIFontExtension.swift in Sources */ = {isa = PBXBuildFile; fileRef = A202820E27B14AFD00408BB3 /* UIFontExtension.swift */; };
		A202821227B1526700408BB3 /* DailyWeatherTableViewCell.swift in Sources */ = {isa = PBXBuildFile; fileRef = A202821127B1526700408BB3 /* DailyWeatherTableViewCell.swift */; };
		A202821527B2A03600408BB3 /* GradientView.swift in Sources */ = {isa = PBXBuildFile; fileRef = A202821427B2A03600408BB3 /* GradientView.swift */; };
		A202821827B2B9EF00408BB3 /* IntExtension.swift in Sources */ = {isa = PBXBuildFile; fileRef = A202821727B2B9EF00408BB3 /* IntExtension.swift */; };
		A202821A27B2BB7B00408BB3 /* UIColorExtension.swift in Sources */ = {isa = PBXBuildFile; fileRef = A202821927B2BB7B00408BB3 /* UIColorExtension.swift */; };
		A202821C27B2C5E900408BB3 /* ExtensionDate.swift in Sources */ = {isa = PBXBuildFile; fileRef = A202821B27B2C5E900408BB3 /* ExtensionDate.swift */; };
		A202822127B2CA0A00408BB3 /* CellIdentifiers.swift in Sources */ = {isa = PBXBuildFile; fileRef = A202822027B2CA0A00408BB3 /* CellIdentifiers.swift */; };
		A202822327B2DCCA00408BB3 /* WeatherIconManager.swift in Sources */ = {isa = PBXBuildFile; fileRef = A202822227B2DCCA00408BB3 /* WeatherIconManager.swift */; };
		A202822527B3215A00408BB3 /* ExtensionString.swift in Sources */ = {isa = PBXBuildFile; fileRef = A202822427B3215A00408BB3 /* ExtensionString.swift */; };
		A202822827B327AD00408BB3 /* MainWeatherBackgroundTheme.swift in Sources */ = {isa = PBXBuildFile; fileRef = A202822727B327AD00408BB3 /* MainWeatherBackgroundTheme.swift */; };
		A202822B27B329C400408BB3 /* GradientColors.swift in Sources */ = {isa = PBXBuildFile; fileRef = A202822A27B329C400408BB3 /* GradientColors.swift */; };
		A265D61C27A19DEA00B511D0 /* Weather.swift in Sources */ = {isa = PBXBuildFile; fileRef = A265D61B27A19DEA00B511D0 /* Weather.swift */; };
		A273A82127C3B4020077D55A /* ASHeaderSectionTitles.swift in Sources */ = {isa = PBXBuildFile; fileRef = A273A82027C3B4020077D55A /* ASHeaderSectionTitles.swift */; };
		A273A82527C3B4E60077D55A /* ASLabelContent.swift in Sources */ = {isa = PBXBuildFile; fileRef = A273A82427C3B4E60077D55A /* ASLabelContent.swift */; };
		A27589CE27C63FA2008F0FDF /* ClothesInformationTableViewCell.swift in Sources */ = {isa = PBXBuildFile; fileRef = A27589CD27C63FA2008F0FDF /* ClothesInformationTableViewCell.swift */; };
		A27589D127C64A89008F0FDF /* TableViewAnimator.swift in Sources */ = {isa = PBXBuildFile; fileRef = A27589D027C64A89008F0FDF /* TableViewAnimator.swift */; };
		A27589D427C64C8E008F0FDF /* TableAnimation.swift in Sources */ = {isa = PBXBuildFile; fileRef = A27589D327C64C8E008F0FDF /* TableAnimation.swift */; };
		A27589DD27C6D3C5008F0FDF /* Outfit.swift in Sources */ = {isa = PBXBuildFile; fileRef = A27589DC27C6D3C5008F0FDF /* Outfit.swift */; };
		A281458627A1B0CB00CFC681 /* MainWeatherScenePresenter.swift in Sources */ = {isa = PBXBuildFile; fileRef = A281458027A1B0CB00CFC681 /* MainWeatherScenePresenter.swift */; };
		A281458727A1B0CB00CFC681 /* MainWeatherSceneWorker.swift in Sources */ = {isa = PBXBuildFile; fileRef = A281458127A1B0CB00CFC681 /* MainWeatherSceneWorker.swift */; };
		A281458827A1B0CB00CFC681 /* MainWeatherSceneRouter.swift in Sources */ = {isa = PBXBuildFile; fileRef = A281458227A1B0CB00CFC681 /* MainWeatherSceneRouter.swift */; };
		A281458927A1B0CB00CFC681 /* MainWeatherSceneModels.swift in Sources */ = {isa = PBXBuildFile; fileRef = A281458327A1B0CB00CFC681 /* MainWeatherSceneModels.swift */; };
		A281458A27A1B0CB00CFC681 /* MainWeatherSceneViewController.swift in Sources */ = {isa = PBXBuildFile; fileRef = A281458427A1B0CB00CFC681 /* MainWeatherSceneViewController.swift */; };
		A281458B27A1B0CB00CFC681 /* MainWeatherSceneInteractor.swift in Sources */ = {isa = PBXBuildFile; fileRef = A281458527A1B0CB00CFC681 /* MainWeatherSceneInteractor.swift */; };
		A281459127A2D77E00CFC681 /* GeoServices.swift in Sources */ = {isa = PBXBuildFile; fileRef = A281459027A2D77E00CFC681 /* GeoServices.swift */; };
		A281459427A2E27800CFC681 /* UIViewExtension.swift in Sources */ = {isa = PBXBuildFile; fileRef = A281459327A2E27700CFC681 /* UIViewExtension.swift */; };
		A281459927A2FB4100CFC681 /* MainWeatherInfoHeaderView.swift in Sources */ = {isa = PBXBuildFile; fileRef = A281459827A2FB4100CFC681 /* MainWeatherInfoHeaderView.swift */; };
		A281459B27A321F200CFC681 /* HourlyWeatherCollectionViewCell.swift in Sources */ = {isa = PBXBuildFile; fileRef = A281459A27A321F200CFC681 /* HourlyWeatherCollectionViewCell.swift */; };
		A2884C5E27138DCF005CEA95 /* AppDelegate.swift in Sources */ = {isa = PBXBuildFile; fileRef = A2884C5D27138DCF005CEA95 /* AppDelegate.swift */; };
		A2884C6527138DCF005CEA95 /* Main.storyboard in Resources */ = {isa = PBXBuildFile; fileRef = A2884C6327138DCF005CEA95 /* Main.storyboard */; };
		A2884C6827138DCF005CEA95 /* CleanWeatherApp.xcdatamodeld in Sources */ = {isa = PBXBuildFile; fileRef = A2884C6627138DCF005CEA95 /* CleanWeatherApp.xcdatamodeld */; };
		A2884C6A27138DD2005CEA95 /* Assets.xcassets in Resources */ = {isa = PBXBuildFile; fileRef = A2884C6927138DD2005CEA95 /* Assets.xcassets */; };
		A2884C6D27138DD2005CEA95 /* LaunchScreen.storyboard in Resources */ = {isa = PBXBuildFile; fileRef = A2884C6B27138DD2005CEA95 /* LaunchScreen.storyboard */; };
		A2884C7527138DE6005CEA95 /* WeatherAPIManager.swift in Sources */ = {isa = PBXBuildFile; fileRef = A2884C7427138DE6005CEA95 /* WeatherAPIManager.swift */; };
		A2B5A2B027B5300600147FB8 /* UILabelExtension.swift in Sources */ = {isa = PBXBuildFile; fileRef = A2B5A2AF27B5300600147FB8 /* UILabelExtension.swift */; };
		A2B5A2B327B537BD00147FB8 /* DetailInformationCollectionViewCell.swift in Sources */ = {isa = PBXBuildFile; fileRef = A2B5A2B227B537BD00147FB8 /* DetailInformationCollectionViewCell.swift */; };
		A2B5A2B627B5394800147FB8 /* ASLabel.swift in Sources */ = {isa = PBXBuildFile; fileRef = A2B5A2B527B5394800147FB8 /* ASLabel.swift */; };
		A2B5A2B927B53D9400147FB8 /* DetailWeatherInformationManager.swift in Sources */ = {isa = PBXBuildFile; fileRef = A2B5A2B827B53D9400147FB8 /* DetailWeatherInformationManager.swift */; };
		A2B5A2BC27B5799A00147FB8 /* UVIndexExtension.swift in Sources */ = {isa = PBXBuildFile; fileRef = A2B5A2BB27B5799A00147FB8 /* UVIndexExtension.swift */; };
		A2B5A2BE27B5C5EC00147FB8 /* ModelArraysExtensions.swift in Sources */ = {isa = PBXBuildFile; fileRef = A2B5A2BD27B5C5EB00147FB8 /* ModelArraysExtensions.swift */; };
		A2C2D91227B40B0B005263D4 /* HourlyWeatherTableViewCell.swift in Sources */ = {isa = PBXBuildFile; fileRef = A2C2D91127B40B0B005263D4 /* HourlyWeatherTableViewCell.swift */; };
		A2C2D91427B472C1005263D4 /* UITableViewCellExtension.swift in Sources */ = {isa = PBXBuildFile; fileRef = A2C2D91327B472C1005263D4 /* UITableViewCellExtension.swift */; };
		A2C2D91827B48254005263D4 /* DetailInformationCell.swift in Sources */ = {isa = PBXBuildFile; fileRef = A2C2D91727B48254005263D4 /* DetailInformationCell.swift */; };
		A2C5E27B27C2EB4100CDF35C /* ParticleView.swift in Sources */ = {isa = PBXBuildFile; fileRef = A2C5E27A27C2EB4100CDF35C /* ParticleView.swift */; };
		A2C5E27D27C2F1FB00CDF35C /* GroundView.swift in Sources */ = {isa = PBXBuildFile; fileRef = A2C5E27C27C2F1FB00CDF35C /* GroundView.swift */; };
		A2C5E28127C2F6A100CDF35C /* ASSectionHeader.swift in Sources */ = {isa = PBXBuildFile; fileRef = A2C5E28027C2F6A100CDF35C /* ASSectionHeader.swift */; };
/* End PBXBuildFile section */

/* Begin PBXFileReference section */
		A202820E27B14AFD00408BB3 /* UIFontExtension.swift */ = {isa = PBXFileReference; lastKnownFileType = sourcecode.swift; path = UIFontExtension.swift; sourceTree = "<group>"; };
		A202821127B1526700408BB3 /* DailyWeatherTableViewCell.swift */ = {isa = PBXFileReference; lastKnownFileType = sourcecode.swift; path = DailyWeatherTableViewCell.swift; sourceTree = "<group>"; };
		A202821427B2A03600408BB3 /* GradientView.swift */ = {isa = PBXFileReference; lastKnownFileType = sourcecode.swift; path = GradientView.swift; sourceTree = "<group>"; };
		A202821727B2B9EF00408BB3 /* IntExtension.swift */ = {isa = PBXFileReference; lastKnownFileType = sourcecode.swift; path = IntExtension.swift; sourceTree = "<group>"; };
		A202821927B2BB7B00408BB3 /* UIColorExtension.swift */ = {isa = PBXFileReference; lastKnownFileType = sourcecode.swift; path = UIColorExtension.swift; sourceTree = "<group>"; };
		A202821B27B2C5E900408BB3 /* ExtensionDate.swift */ = {isa = PBXFileReference; lastKnownFileType = sourcecode.swift; path = ExtensionDate.swift; sourceTree = "<group>"; };
		A202822027B2CA0A00408BB3 /* CellIdentifiers.swift */ = {isa = PBXFileReference; lastKnownFileType = sourcecode.swift; path = CellIdentifiers.swift; sourceTree = "<group>"; };
		A202822227B2DCCA00408BB3 /* WeatherIconManager.swift */ = {isa = PBXFileReference; lastKnownFileType = sourcecode.swift; path = WeatherIconManager.swift; sourceTree = "<group>"; };
		A202822427B3215A00408BB3 /* ExtensionString.swift */ = {isa = PBXFileReference; lastKnownFileType = sourcecode.swift; path = ExtensionString.swift; sourceTree = "<group>"; };
		A202822727B327AD00408BB3 /* MainWeatherBackgroundTheme.swift */ = {isa = PBXFileReference; lastKnownFileType = sourcecode.swift; path = MainWeatherBackgroundTheme.swift; sourceTree = "<group>"; };
		A202822A27B329C400408BB3 /* GradientColors.swift */ = {isa = PBXFileReference; lastKnownFileType = sourcecode.swift; path = GradientColors.swift; sourceTree = "<group>"; };
		A265D61B27A19DEA00B511D0 /* Weather.swift */ = {isa = PBXFileReference; lastKnownFileType = sourcecode.swift; path = Weather.swift; sourceTree = "<group>"; };
		A273A82027C3B4020077D55A /* ASHeaderSectionTitles.swift */ = {isa = PBXFileReference; lastKnownFileType = sourcecode.swift; path = ASHeaderSectionTitles.swift; sourceTree = "<group>"; };
		A273A82427C3B4E60077D55A /* ASLabelContent.swift */ = {isa = PBXFileReference; lastKnownFileType = sourcecode.swift; path = ASLabelContent.swift; sourceTree = "<group>"; };
		A27589CD27C63FA2008F0FDF /* ClothesInformationTableViewCell.swift */ = {isa = PBXFileReference; lastKnownFileType = sourcecode.swift; path = ClothesInformationTableViewCell.swift; sourceTree = "<group>"; };
		A27589D027C64A89008F0FDF /* TableViewAnimator.swift */ = {isa = PBXFileReference; lastKnownFileType = sourcecode.swift; path = TableViewAnimator.swift; sourceTree = "<group>"; };
		A27589D327C64C8E008F0FDF /* TableAnimation.swift */ = {isa = PBXFileReference; lastKnownFileType = sourcecode.swift; path = TableAnimation.swift; sourceTree = "<group>"; };
		A27589DC27C6D3C5008F0FDF /* Outfit.swift */ = {isa = PBXFileReference; lastKnownFileType = sourcecode.swift; path = Outfit.swift; sourceTree = "<group>"; };
		A281458027A1B0CB00CFC681 /* MainWeatherScenePresenter.swift */ = {isa = PBXFileReference; lastKnownFileType = sourcecode.swift; path = MainWeatherScenePresenter.swift; sourceTree = "<group>"; };
		A281458127A1B0CB00CFC681 /* MainWeatherSceneWorker.swift */ = {isa = PBXFileReference; lastKnownFileType = sourcecode.swift; path = MainWeatherSceneWorker.swift; sourceTree = "<group>"; };
		A281458227A1B0CB00CFC681 /* MainWeatherSceneRouter.swift */ = {isa = PBXFileReference; lastKnownFileType = sourcecode.swift; path = MainWeatherSceneRouter.swift; sourceTree = "<group>"; };
		A281458327A1B0CB00CFC681 /* MainWeatherSceneModels.swift */ = {isa = PBXFileReference; lastKnownFileType = sourcecode.swift; path = MainWeatherSceneModels.swift; sourceTree = "<group>"; };
		A281458427A1B0CB00CFC681 /* MainWeatherSceneViewController.swift */ = {isa = PBXFileReference; lastKnownFileType = sourcecode.swift; path = MainWeatherSceneViewController.swift; sourceTree = "<group>"; };
		A281458527A1B0CB00CFC681 /* MainWeatherSceneInteractor.swift */ = {isa = PBXFileReference; lastKnownFileType = sourcecode.swift; path = MainWeatherSceneInteractor.swift; sourceTree = "<group>"; };
		A281459027A2D77E00CFC681 /* GeoServices.swift */ = {isa = PBXFileReference; lastKnownFileType = sourcecode.swift; path = GeoServices.swift; sourceTree = "<group>"; };
		A281459327A2E27700CFC681 /* UIViewExtension.swift */ = {isa = PBXFileReference; lastKnownFileType = sourcecode.swift; path = UIViewExtension.swift; sourceTree = "<group>"; };
		A281459827A2FB4100CFC681 /* MainWeatherInfoHeaderView.swift */ = {isa = PBXFileReference; lastKnownFileType = sourcecode.swift; path = MainWeatherInfoHeaderView.swift; sourceTree = "<group>"; };
		A281459A27A321F200CFC681 /* HourlyWeatherCollectionViewCell.swift */ = {isa = PBXFileReference; lastKnownFileType = sourcecode.swift; path = HourlyWeatherCollectionViewCell.swift; sourceTree = "<group>"; };
		A2884C5A27138DCF005CEA95 /* CleanWeatherApp.app */ = {isa = PBXFileReference; explicitFileType = wrapper.application; includeInIndex = 0; path = CleanWeatherApp.app; sourceTree = BUILT_PRODUCTS_DIR; };
		A2884C5D27138DCF005CEA95 /* AppDelegate.swift */ = {isa = PBXFileReference; lastKnownFileType = sourcecode.swift; path = AppDelegate.swift; sourceTree = "<group>"; };
		A2884C6427138DCF005CEA95 /* Base */ = {isa = PBXFileReference; lastKnownFileType = file.storyboard; name = Base; path = Base.lproj/Main.storyboard; sourceTree = "<group>"; };
		A2884C6727138DCF005CEA95 /* CleanWeatherApp.xcdatamodel */ = {isa = PBXFileReference; lastKnownFileType = wrapper.xcdatamodel; path = CleanWeatherApp.xcdatamodel; sourceTree = "<group>"; };
		A2884C6927138DD2005CEA95 /* Assets.xcassets */ = {isa = PBXFileReference; lastKnownFileType = folder.assetcatalog; path = Assets.xcassets; sourceTree = "<group>"; };
		A2884C6C27138DD2005CEA95 /* Base */ = {isa = PBXFileReference; lastKnownFileType = file.storyboard; name = Base; path = Base.lproj/LaunchScreen.storyboard; sourceTree = "<group>"; };
		A2884C6E27138DD2005CEA95 /* Info.plist */ = {isa = PBXFileReference; lastKnownFileType = text.plist.xml; path = Info.plist; sourceTree = "<group>"; };
		A2884C7427138DE6005CEA95 /* WeatherAPIManager.swift */ = {isa = PBXFileReference; lastKnownFileType = sourcecode.swift; path = WeatherAPIManager.swift; sourceTree = "<group>"; };
		A2B5A2AF27B5300600147FB8 /* UILabelExtension.swift */ = {isa = PBXFileReference; lastKnownFileType = sourcecode.swift; path = UILabelExtension.swift; sourceTree = "<group>"; };
		A2B5A2B227B537BD00147FB8 /* DetailInformationCollectionViewCell.swift */ = {isa = PBXFileReference; lastKnownFileType = sourcecode.swift; path = DetailInformationCollectionViewCell.swift; sourceTree = "<group>"; };
		A2B5A2B527B5394800147FB8 /* ASLabel.swift */ = {isa = PBXFileReference; lastKnownFileType = sourcecode.swift; path = ASLabel.swift; sourceTree = "<group>"; };
		A2B5A2B827B53D9400147FB8 /* DetailWeatherInformationManager.swift */ = {isa = PBXFileReference; lastKnownFileType = sourcecode.swift; path = DetailWeatherInformationManager.swift; sourceTree = "<group>"; };
		A2B5A2BB27B5799A00147FB8 /* UVIndexExtension.swift */ = {isa = PBXFileReference; lastKnownFileType = sourcecode.swift; path = UVIndexExtension.swift; sourceTree = "<group>"; };
		A2B5A2BD27B5C5EB00147FB8 /* ModelArraysExtensions.swift */ = {isa = PBXFileReference; lastKnownFileType = sourcecode.swift; path = ModelArraysExtensions.swift; sourceTree = "<group>"; };
		A2C2D91127B40B0B005263D4 /* HourlyWeatherTableViewCell.swift */ = {isa = PBXFileReference; lastKnownFileType = sourcecode.swift; path = HourlyWeatherTableViewCell.swift; sourceTree = "<group>"; };
		A2C2D91327B472C1005263D4 /* UITableViewCellExtension.swift */ = {isa = PBXFileReference; lastKnownFileType = sourcecode.swift; path = UITableViewCellExtension.swift; sourceTree = "<group>"; };
		A2C2D91727B48254005263D4 /* DetailInformationCell.swift */ = {isa = PBXFileReference; lastKnownFileType = sourcecode.swift; path = DetailInformationCell.swift; sourceTree = "<group>"; };
		A2C5E27A27C2EB4100CDF35C /* ParticleView.swift */ = {isa = PBXFileReference; lastKnownFileType = sourcecode.swift; path = ParticleView.swift; sourceTree = "<group>"; };
		A2C5E27C27C2F1FB00CDF35C /* GroundView.swift */ = {isa = PBXFileReference; lastKnownFileType = sourcecode.swift; path = GroundView.swift; sourceTree = "<group>"; };
		A2C5E28027C2F6A100CDF35C /* ASSectionHeader.swift */ = {isa = PBXFileReference; lastKnownFileType = sourcecode.swift; path = ASSectionHeader.swift; sourceTree = "<group>"; };
/* End PBXFileReference section */

/* Begin PBXFrameworksBuildPhase section */
		A2884C5727138DCF005CEA95 /* Frameworks */ = {
			isa = PBXFrameworksBuildPhase;
			buildActionMask = 2147483647;
			files = (
			);
			runOnlyForDeploymentPostprocessing = 0;
		};
/* End PBXFrameworksBuildPhase section */

/* Begin PBXGroup section */
		A202820D27B14AE700408BB3 /* Helpers */ = {
			isa = PBXGroup;
			children = (
				A27589CF27C64A70008F0FDF /* Animations */,
				A202821D27B2C9A600408BB3 /* Constants */,
				A202821327B2A02300408BB3 /* Views */,
				A281459227A2E22E00CFC681 /* Extensions */,
			);
			path = Helpers;
			sourceTree = "<group>";
		};
		A202821027B150BE00408BB3 /* CollectionView */ = {
			isa = PBXGroup;
			children = (
				A281459A27A321F200CFC681 /* HourlyWeatherCollectionViewCell.swift */,
			);
			path = CollectionView;
			sourceTree = "<group>";
		};
		A202821327B2A02300408BB3 /* Views */ = {
			isa = PBXGroup;
			children = (
				A2C5E27E27C2F48000CDF35C /* PrecipitationViews */,
				A2B5A2B427B538BC00147FB8 /* ASCustomElements */,
				A202821427B2A03600408BB3 /* GradientView.swift */,
			);
			path = Views;
			sourceTree = "<group>";
		};
		A202821627B2B9D500408BB3 /* UIKitExtensions */ = {
			isa = PBXGroup;
			children = (
				A202820E27B14AFD00408BB3 /* UIFontExtension.swift */,
				A281459327A2E27700CFC681 /* UIViewExtension.swift */,
				A202821927B2BB7B00408BB3 /* UIColorExtension.swift */,
				A2C2D91327B472C1005263D4 /* UITableViewCellExtension.swift */,
				A2B5A2AF27B5300600147FB8 /* UILabelExtension.swift */,
			);
			path = UIKitExtensions;
			sourceTree = "<group>";
		};
		A202821D27B2C9A600408BB3 /* Constants */ = {
			isa = PBXGroup;
			children = (
				A202822927B329B700408BB3 /* Colors */,
				A202821F27B2C9FF00408BB3 /* TableView */,
			);
			path = Constants;
			sourceTree = "<group>";
		};
		A202821F27B2C9FF00408BB3 /* TableView */ = {
			isa = PBXGroup;
			children = (
				A202822027B2CA0A00408BB3 /* CellIdentifiers.swift */,
			);
			path = TableView;
			sourceTree = "<group>";
		};
		A202822627B3279100408BB3 /* Helpers */ = {
			isa = PBXGroup;
			children = (
				A202822727B327AD00408BB3 /* MainWeatherBackgroundTheme.swift */,
			);
			path = Helpers;
			sourceTree = "<group>";
		};
		A202822927B329B700408BB3 /* Colors */ = {
			isa = PBXGroup;
			children = (
				A202822A27B329C400408BB3 /* GradientColors.swift */,
			);
			path = Colors;
			sourceTree = "<group>";
		};
		A202822C27B331A100408BB3 /* BasicExtensions */ = {
			isa = PBXGroup;
			children = (
				A202821727B2B9EF00408BB3 /* IntExtension.swift */,
				A202821B27B2C5E900408BB3 /* ExtensionDate.swift */,
				A202822427B3215A00408BB3 /* ExtensionString.swift */,
			);
			path = BasicExtensions;
			sourceTree = "<group>";
		};
		A265D61A27A19D2500B511D0 /* Models */ = {
			isa = PBXGroup;
			children = (
				A2B5A2BA27B5798700147FB8 /* Extensions */,
				A265D61B27A19DEA00B511D0 /* Weather.swift */,
				A202822227B2DCCA00408BB3 /* WeatherIconManager.swift */,
			);
			path = Models;
			sourceTree = "<group>";
		};
		A273A82327C3B4D10077D55A /* ASLabelContentModel */ = {
			isa = PBXGroup;
			children = (
				A273A82427C3B4E60077D55A /* ASLabelContent.swift */,
			);
			path = ASLabelContentModel;
			sourceTree = "<group>";
		};
		A27589CC27C63F09008F0FDF /* ClothesInformationGroup */ = {
			isa = PBXGroup;
			children = (
				A27589DB27C6D3B6008F0FDF /* Model */,
				A27589CD27C63FA2008F0FDF /* ClothesInformationTableViewCell.swift */,
			);
			path = ClothesInformationGroup;
			sourceTree = "<group>";
		};
		A27589CF27C64A70008F0FDF /* Animations */ = {
			isa = PBXGroup;
			children = (
				A27589D227C64C6E008F0FDF /* TableView */,
			);
			path = Animations;
			sourceTree = "<group>";
		};
		A27589D227C64C6E008F0FDF /* TableView */ = {
			isa = PBXGroup;
			children = (
				A27589D027C64A89008F0FDF /* TableViewAnimator.swift */,
				A27589D327C64C8E008F0FDF /* TableAnimation.swift */,
			);
			path = TableView;
			sourceTree = "<group>";
		};
		A27589DB27C6D3B6008F0FDF /* Model */ = {
			isa = PBXGroup;
			children = (
				A27589DC27C6D3C5008F0FDF /* Outfit.swift */,
			);
			path = Model;
			sourceTree = "<group>";
		};
		A281458C27A1B0D300CFC681 /* WeatherScene */ = {
			isa = PBXGroup;
			children = (
				A202822627B3279100408BB3 /* Helpers */,
				A281459727A2FB1300CFC681 /* TableView */,
				A281458427A1B0CB00CFC681 /* MainWeatherSceneViewController.swift */,
				A281458027A1B0CB00CFC681 /* MainWeatherScenePresenter.swift */,
				A281458127A1B0CB00CFC681 /* MainWeatherSceneWorker.swift */,
				A281458227A1B0CB00CFC681 /* MainWeatherSceneRouter.swift */,
				A281458327A1B0CB00CFC681 /* MainWeatherSceneModels.swift */,
				A281458527A1B0CB00CFC681 /* MainWeatherSceneInteractor.swift */,
			);
			path = WeatherScene;
			sourceTree = "<group>";
		};
		A281458D27A1B0FB00CFC681 /* Networking */ = {
			isa = PBXGroup;
			children = (
				A2884C7427138DE6005CEA95 /* WeatherAPIManager.swift */,
			);
			path = Networking;
			sourceTree = "<group>";
		};
		A281458E27A2D6DF00CFC681 /* Services */ = {
			isa = PBXGroup;
			children = (
				A281458F27A2D71E00CFC681 /* GeoServices */,
				A281458D27A1B0FB00CFC681 /* Networking */,
			);
			path = Services;
			sourceTree = "<group>";
		};
		A281458F27A2D71E00CFC681 /* GeoServices */ = {
			isa = PBXGroup;
			children = (
				A281459027A2D77E00CFC681 /* GeoServices.swift */,
			);
			path = GeoServices;
			sourceTree = "<group>";
		};
		A281459227A2E22E00CFC681 /* Extensions */ = {
			isa = PBXGroup;
			children = (
				A202822C27B331A100408BB3 /* BasicExtensions */,
				A202821627B2B9D500408BB3 /* UIKitExtensions */,
			);
			path = Extensions;
			sourceTree = "<group>";
		};
		A281459727A2FB1300CFC681 /* TableView */ = {
			isa = PBXGroup;
			children = (
				A27589CC27C63F09008F0FDF /* ClothesInformationGroup */,
				A2C2D91627B48227005263D4 /* DetailInformationGroup */,
				A2C2D91027B40AE0005263D4 /* HourlyWeatherGroup */,
				A2C2D90F27B40ACB005263D4 /* DailyWeatherGroup */,
				A281459827A2FB4100CFC681 /* MainWeatherInfoHeaderView.swift */,
			);
			path = TableView;
			sourceTree = "<group>";
		};
		A2884C5127138DCF005CEA95 = {
			isa = PBXGroup;
			children = (
				A2884C5C27138DCF005CEA95 /* CleanWeatherApp */,
				A2884C5B27138DCF005CEA95 /* Products */,
			);
			sourceTree = "<group>";
		};
		A2884C5B27138DCF005CEA95 /* Products */ = {
			isa = PBXGroup;
			children = (
				A2884C5A27138DCF005CEA95 /* CleanWeatherApp.app */,
			);
			name = Products;
			sourceTree = "<group>";
		};
		A2884C5C27138DCF005CEA95 /* CleanWeatherApp */ = {
			isa = PBXGroup;
			children = (
				A281458E27A2D6DF00CFC681 /* Services */,
				A202820D27B14AE700408BB3 /* Helpers */,
				A2B5A2BF27B5D53500147FB8 /* Scenes */,
				A265D61A27A19D2500B511D0 /* Models */,
				A2884C5D27138DCF005CEA95 /* AppDelegate.swift */,
				A2884C6327138DCF005CEA95 /* Main.storyboard */,
				A2884C6927138DD2005CEA95 /* Assets.xcassets */,
				A2884C6B27138DD2005CEA95 /* LaunchScreen.storyboard */,
				A2884C6E27138DD2005CEA95 /* Info.plist */,
				A2884C6627138DCF005CEA95 /* CleanWeatherApp.xcdatamodeld */,
			);
			path = CleanWeatherApp;
			sourceTree = "<group>";
		};
		A2B5A2B127B5379E00147FB8 /* CollectionView */ = {
			isa = PBXGroup;
			children = (
				A2B5A2B227B537BD00147FB8 /* DetailInformationCollectionViewCell.swift */,
			);
			path = CollectionView;
			sourceTree = "<group>";
		};
		A2B5A2B427B538BC00147FB8 /* ASCustomElements */ = {
			isa = PBXGroup;
			children = (
				A2C5E27F27C2F65F00CDF35C /* ASSectionHeader */,
				A2B5A2B727B53C6F00147FB8 /* ASLabelWithIconStackView */,
			);
			path = ASCustomElements;
			sourceTree = "<group>";
		};
		A2B5A2B727B53C6F00147FB8 /* ASLabelWithIconStackView */ = {
			isa = PBXGroup;
			children = (
				A273A82327C3B4D10077D55A /* ASLabelContentModel */,
				A2B5A2B527B5394800147FB8 /* ASLabel.swift */,
				A2B5A2B827B53D9400147FB8 /* DetailWeatherInformationManager.swift */,
			);
			path = ASLabelWithIconStackView;
			sourceTree = "<group>";
		};
		A2B5A2BA27B5798700147FB8 /* Extensions */ = {
			isa = PBXGroup;
			children = (
				A2B5A2BB27B5799A00147FB8 /* UVIndexExtension.swift */,
				A2B5A2BD27B5C5EB00147FB8 /* ModelArraysExtensions.swift */,
			);
			path = Extensions;
			sourceTree = "<group>";
		};
		A2B5A2BF27B5D53500147FB8 /* Scenes */ = {
			isa = PBXGroup;
			children = (
				A281458C27A1B0D300CFC681 /* WeatherScene */,
			);
			path = Scenes;
			sourceTree = "<group>";
		};
		A2C2D90F27B40ACB005263D4 /* DailyWeatherGroup */ = {
			isa = PBXGroup;
			children = (
				A202821127B1526700408BB3 /* DailyWeatherTableViewCell.swift */,
			);
			path = DailyWeatherGroup;
			sourceTree = "<group>";
		};
		A2C2D91027B40AE0005263D4 /* HourlyWeatherGroup */ = {
			isa = PBXGroup;
			children = (
				A202821027B150BE00408BB3 /* CollectionView */,
				A2C2D91127B40B0B005263D4 /* HourlyWeatherTableViewCell.swift */,
			);
			path = HourlyWeatherGroup;
			sourceTree = "<group>";
		};
		A2C2D91627B48227005263D4 /* DetailInformationGroup */ = {
			isa = PBXGroup;
			children = (
				A2B5A2B127B5379E00147FB8 /* CollectionView */,
				A2C2D91727B48254005263D4 /* DetailInformationCell.swift */,
			);
			path = DetailInformationGroup;
			sourceTree = "<group>";
		};
		A2C5E27E27C2F48000CDF35C /* PrecipitationViews */ = {
			isa = PBXGroup;
			children = (
				A2C5E27A27C2EB4100CDF35C /* ParticleView.swift */,
				A2C5E27C27C2F1FB00CDF35C /* GroundView.swift */,
			);
			path = PrecipitationViews;
			sourceTree = "<group>";
		};
		A2C5E27F27C2F65F00CDF35C /* ASSectionHeader */ = {
			isa = PBXGroup;
			children = (
				A2C5E28027C2F6A100CDF35C /* ASSectionHeader.swift */,
				A273A82027C3B4020077D55A /* ASHeaderSectionTitles.swift */,
			);
			path = ASSectionHeader;
			sourceTree = "<group>";
		};
/* End PBXGroup section */

/* Begin PBXNativeTarget section */
		A2884C5927138DCF005CEA95 /* CleanWeatherApp */ = {
			isa = PBXNativeTarget;
			buildConfigurationList = A2884C7127138DD2005CEA95 /* Build configuration list for PBXNativeTarget "CleanWeatherApp" */;
			buildPhases = (
				A2884C5627138DCF005CEA95 /* Sources */,
				A2884C5727138DCF005CEA95 /* Frameworks */,
				A2884C5827138DCF005CEA95 /* Resources */,
			);
			buildRules = (
			);
			dependencies = (
			);
			name = CleanWeatherApp;
			productName = CleanWeatherApp;
			productReference = A2884C5A27138DCF005CEA95 /* CleanWeatherApp.app */;
			productType = "com.apple.product-type.application";
		};
/* End PBXNativeTarget section */

/* Begin PBXProject section */
		A2884C5227138DCF005CEA95 /* Project object */ = {
			isa = PBXProject;
			attributes = {
				LastSwiftUpdateCheck = 1250;
				LastUpgradeCheck = 1250;
				TargetAttributes = {
					A2884C5927138DCF005CEA95 = {
						CreatedOnToolsVersion = 12.5.1;
					};
				};
			};
			buildConfigurationList = A2884C5527138DCF005CEA95 /* Build configuration list for PBXProject "CleanWeatherApp" */;
			compatibilityVersion = "Xcode 9.3";
			developmentRegion = en;
			hasScannedForEncodings = 0;
			knownRegions = (
				en,
				Base,
			);
			mainGroup = A2884C5127138DCF005CEA95;
			productRefGroup = A2884C5B27138DCF005CEA95 /* Products */;
			projectDirPath = "";
			projectRoot = "";
			targets = (
				A2884C5927138DCF005CEA95 /* CleanWeatherApp */,
			);
		};
/* End PBXProject section */

/* Begin PBXResourcesBuildPhase section */
		A2884C5827138DCF005CEA95 /* Resources */ = {
			isa = PBXResourcesBuildPhase;
			buildActionMask = 2147483647;
			files = (
				A2884C6D27138DD2005CEA95 /* LaunchScreen.storyboard in Resources */,
				A2884C6A27138DD2005CEA95 /* Assets.xcassets in Resources */,
				A2884C6527138DCF005CEA95 /* Main.storyboard in Resources */,
			);
			runOnlyForDeploymentPostprocessing = 0;
		};
/* End PBXResourcesBuildPhase section */

/* Begin PBXSourcesBuildPhase section */
		A2884C5627138DCF005CEA95 /* Sources */ = {
			isa = PBXSourcesBuildPhase;
			buildActionMask = 2147483647;
			files = (
				A2B5A2BE27B5C5EC00147FB8 /* ModelArraysExtensions.swift in Sources */,
				A2C2D91227B40B0B005263D4 /* HourlyWeatherTableViewCell.swift in Sources */,
				A202822127B2CA0A00408BB3 /* CellIdentifiers.swift in Sources */,
				A202821227B1526700408BB3 /* DailyWeatherTableViewCell.swift in Sources */,
				A281459B27A321F200CFC681 /* HourlyWeatherCollectionViewCell.swift in Sources */,
				A2B5A2B627B5394800147FB8 /* ASLabel.swift in Sources */,
				A281459127A2D77E00CFC681 /* GeoServices.swift in Sources */,
				A202820F27B14AFD00408BB3 /* UIFontExtension.swift in Sources */,
				A2884C6827138DCF005CEA95 /* CleanWeatherApp.xcdatamodeld in Sources */,
				A202822827B327AD00408BB3 /* MainWeatherBackgroundTheme.swift in Sources */,
				A281458927A1B0CB00CFC681 /* MainWeatherSceneModels.swift in Sources */,
				A27589D427C64C8E008F0FDF /* TableAnimation.swift in Sources */,
				A27589CE27C63FA2008F0FDF /* ClothesInformationTableViewCell.swift in Sources */,
				A2C5E28127C2F6A100CDF35C /* ASSectionHeader.swift in Sources */,
				A202821A27B2BB7B00408BB3 /* UIColorExtension.swift in Sources */,
				A2C2D91427B472C1005263D4 /* UITableViewCellExtension.swift in Sources */,
				A2C5E27B27C2EB4100CDF35C /* ParticleView.swift in Sources */,
				A2B5A2BC27B5799A00147FB8 /* UVIndexExtension.swift in Sources */,
				A281459427A2E27800CFC681 /* UIViewExtension.swift in Sources */,
				A202821527B2A03600408BB3 /* GradientView.swift in Sources */,
				A2884C5E27138DCF005CEA95 /* AppDelegate.swift in Sources */,
				A273A82127C3B4020077D55A /* ASHeaderSectionTitles.swift in Sources */,
				A202821827B2B9EF00408BB3 /* IntExtension.swift in Sources */,
				A2884C7527138DE6005CEA95 /* WeatherAPIManager.swift in Sources */,
				A2C2D91827B48254005263D4 /* DetailInformationCell.swift in Sources */,
				A281458727A1B0CB00CFC681 /* MainWeatherSceneWorker.swift in Sources */,
				A281458B27A1B0CB00CFC681 /* MainWeatherSceneInteractor.swift in Sources */,
				A281459927A2FB4100CFC681 /* MainWeatherInfoHeaderView.swift in Sources */,
				A27589D127C64A89008F0FDF /* TableViewAnimator.swift in Sources */,
				A202821C27B2C5E900408BB3 /* ExtensionDate.swift in Sources */,
				A273A82527C3B4E60077D55A /* ASLabelContent.swift in Sources */,
				A2B5A2B027B5300600147FB8 /* UILabelExtension.swift in Sources */,
				A202822327B2DCCA00408BB3 /* WeatherIconManager.swift in Sources */,
				A27589DD27C6D3C5008F0FDF /* Outfit.swift in Sources */,
				A265D61C27A19DEA00B511D0 /* Weather.swift in Sources */,
				A202822527B3215A00408BB3 /* ExtensionString.swift in Sources */,
				A281458A27A1B0CB00CFC681 /* MainWeatherSceneViewController.swift in Sources */,
				A2C5E27D27C2F1FB00CDF35C /* GroundView.swift in Sources */,
				A281458827A1B0CB00CFC681 /* MainWeatherSceneRouter.swift in Sources */,
				A281458627A1B0CB00CFC681 /* MainWeatherScenePresenter.swift in Sources */,
				A2B5A2B327B537BD00147FB8 /* DetailInformationCollectionViewCell.swift in Sources */,
				A202822B27B329C400408BB3 /* GradientColors.swift in Sources */,
				A2B5A2B927B53D9400147FB8 /* DetailWeatherInformationManager.swift in Sources */,
			);
			runOnlyForDeploymentPostprocessing = 0;
		};
/* End PBXSourcesBuildPhase section */

/* Begin PBXVariantGroup section */
		A2884C6327138DCF005CEA95 /* Main.storyboard */ = {
			isa = PBXVariantGroup;
			children = (
				A2884C6427138DCF005CEA95 /* Base */,
			);
			name = Main.storyboard;
			sourceTree = "<group>";
		};
		A2884C6B27138DD2005CEA95 /* LaunchScreen.storyboard */ = {
			isa = PBXVariantGroup;
			children = (
				A2884C6C27138DD2005CEA95 /* Base */,
			);
			name = LaunchScreen.storyboard;
			sourceTree = "<group>";
		};
/* End PBXVariantGroup section */

/* Begin XCBuildConfiguration section */
		A2884C6F27138DD2005CEA95 /* Debug */ = {
			isa = XCBuildConfiguration;
			buildSettings = {
				ALWAYS_SEARCH_USER_PATHS = NO;
				CLANG_ANALYZER_NONNULL = YES;
				CLANG_ANALYZER_NUMBER_OBJECT_CONVERSION = YES_AGGRESSIVE;
				CLANG_CXX_LANGUAGE_STANDARD = "gnu++14";
				CLANG_CXX_LIBRARY = "libc++";
				CLANG_ENABLE_MODULES = YES;
				CLANG_ENABLE_OBJC_ARC = YES;
				CLANG_ENABLE_OBJC_WEAK = YES;
				CLANG_WARN_BLOCK_CAPTURE_AUTORELEASING = YES;
				CLANG_WARN_BOOL_CONVERSION = YES;
				CLANG_WARN_COMMA = YES;
				CLANG_WARN_CONSTANT_CONVERSION = YES;
				CLANG_WARN_DEPRECATED_OBJC_IMPLEMENTATIONS = YES;
				CLANG_WARN_DIRECT_OBJC_ISA_USAGE = YES_ERROR;
				CLANG_WARN_DOCUMENTATION_COMMENTS = YES;
				CLANG_WARN_EMPTY_BODY = YES;
				CLANG_WARN_ENUM_CONVERSION = YES;
				CLANG_WARN_INFINITE_RECURSION = YES;
				CLANG_WARN_INT_CONVERSION = YES;
				CLANG_WARN_NON_LITERAL_NULL_CONVERSION = YES;
				CLANG_WARN_OBJC_IMPLICIT_RETAIN_SELF = YES;
				CLANG_WARN_OBJC_LITERAL_CONVERSION = YES;
				CLANG_WARN_OBJC_ROOT_CLASS = YES_ERROR;
				CLANG_WARN_QUOTED_INCLUDE_IN_FRAMEWORK_HEADER = YES;
				CLANG_WARN_RANGE_LOOP_ANALYSIS = YES;
				CLANG_WARN_STRICT_PROTOTYPES = YES;
				CLANG_WARN_SUSPICIOUS_MOVE = YES;
				CLANG_WARN_UNGUARDED_AVAILABILITY = YES_AGGRESSIVE;
				CLANG_WARN_UNREACHABLE_CODE = YES;
				CLANG_WARN__DUPLICATE_METHOD_MATCH = YES;
				COPY_PHASE_STRIP = NO;
				DEBUG_INFORMATION_FORMAT = dwarf;
				ENABLE_STRICT_OBJC_MSGSEND = YES;
				ENABLE_TESTABILITY = YES;
				GCC_C_LANGUAGE_STANDARD = gnu11;
				GCC_DYNAMIC_NO_PIC = NO;
				GCC_NO_COMMON_BLOCKS = YES;
				GCC_OPTIMIZATION_LEVEL = 0;
				GCC_PREPROCESSOR_DEFINITIONS = (
					"DEBUG=1",
					"$(inherited)",
				);
				GCC_WARN_64_TO_32_BIT_CONVERSION = YES;
				GCC_WARN_ABOUT_RETURN_TYPE = YES_ERROR;
				GCC_WARN_UNDECLARED_SELECTOR = YES;
				GCC_WARN_UNINITIALIZED_AUTOS = YES_AGGRESSIVE;
				GCC_WARN_UNUSED_FUNCTION = YES;
				GCC_WARN_UNUSED_VARIABLE = YES;
				IPHONEOS_DEPLOYMENT_TARGET = 14.5;
				MTL_ENABLE_DEBUG_INFO = INCLUDE_SOURCE;
				MTL_FAST_MATH = YES;
				ONLY_ACTIVE_ARCH = YES;
				SDKROOT = iphoneos;
				SWIFT_ACTIVE_COMPILATION_CONDITIONS = DEBUG;
				SWIFT_OPTIMIZATION_LEVEL = "-Onone";
			};
			name = Debug;
		};
		A2884C7027138DD2005CEA95 /* Release */ = {
			isa = XCBuildConfiguration;
			buildSettings = {
				ALWAYS_SEARCH_USER_PATHS = NO;
				CLANG_ANALYZER_NONNULL = YES;
				CLANG_ANALYZER_NUMBER_OBJECT_CONVERSION = YES_AGGRESSIVE;
				CLANG_CXX_LANGUAGE_STANDARD = "gnu++14";
				CLANG_CXX_LIBRARY = "libc++";
				CLANG_ENABLE_MODULES = YES;
				CLANG_ENABLE_OBJC_ARC = YES;
				CLANG_ENABLE_OBJC_WEAK = YES;
				CLANG_WARN_BLOCK_CAPTURE_AUTORELEASING = YES;
				CLANG_WARN_BOOL_CONVERSION = YES;
				CLANG_WARN_COMMA = YES;
				CLANG_WARN_CONSTANT_CONVERSION = YES;
				CLANG_WARN_DEPRECATED_OBJC_IMPLEMENTATIONS = YES;
				CLANG_WARN_DIRECT_OBJC_ISA_USAGE = YES_ERROR;
				CLANG_WARN_DOCUMENTATION_COMMENTS = YES;
				CLANG_WARN_EMPTY_BODY = YES;
				CLANG_WARN_ENUM_CONVERSION = YES;
				CLANG_WARN_INFINITE_RECURSION = YES;
				CLANG_WARN_INT_CONVERSION = YES;
				CLANG_WARN_NON_LITERAL_NULL_CONVERSION = YES;
				CLANG_WARN_OBJC_IMPLICIT_RETAIN_SELF = YES;
				CLANG_WARN_OBJC_LITERAL_CONVERSION = YES;
				CLANG_WARN_OBJC_ROOT_CLASS = YES_ERROR;
				CLANG_WARN_QUOTED_INCLUDE_IN_FRAMEWORK_HEADER = YES;
				CLANG_WARN_RANGE_LOOP_ANALYSIS = YES;
				CLANG_WARN_STRICT_PROTOTYPES = YES;
				CLANG_WARN_SUSPICIOUS_MOVE = YES;
				CLANG_WARN_UNGUARDED_AVAILABILITY = YES_AGGRESSIVE;
				CLANG_WARN_UNREACHABLE_CODE = YES;
				CLANG_WARN__DUPLICATE_METHOD_MATCH = YES;
				COPY_PHASE_STRIP = NO;
				DEBUG_INFORMATION_FORMAT = "dwarf-with-dsym";
				ENABLE_NS_ASSERTIONS = NO;
				ENABLE_STRICT_OBJC_MSGSEND = YES;
				GCC_C_LANGUAGE_STANDARD = gnu11;
				GCC_NO_COMMON_BLOCKS = YES;
				GCC_WARN_64_TO_32_BIT_CONVERSION = YES;
				GCC_WARN_ABOUT_RETURN_TYPE = YES_ERROR;
				GCC_WARN_UNDECLARED_SELECTOR = YES;
				GCC_WARN_UNINITIALIZED_AUTOS = YES_AGGRESSIVE;
				GCC_WARN_UNUSED_FUNCTION = YES;
				GCC_WARN_UNUSED_VARIABLE = YES;
				IPHONEOS_DEPLOYMENT_TARGET = 14.5;
				MTL_ENABLE_DEBUG_INFO = NO;
				MTL_FAST_MATH = YES;
				SDKROOT = iphoneos;
				SWIFT_COMPILATION_MODE = wholemodule;
				SWIFT_OPTIMIZATION_LEVEL = "-O";
				VALIDATE_PRODUCT = YES;
			};
			name = Release;
		};
		A2884C7227138DD2005CEA95 /* Debug */ = {
			isa = XCBuildConfiguration;
			buildSettings = {
				ASSETCATALOG_COMPILER_APPICON_NAME = AppIcon;
				ASSETCATALOG_COMPILER_GLOBAL_ACCENT_COLOR_NAME = AccentColor;
				CODE_SIGN_STYLE = Automatic;
				DEVELOPMENT_TEAM = 4CV999C7WN;
				INFOPLIST_FILE = CleanWeatherApp/Info.plist;
				IPHONEOS_DEPLOYMENT_TARGET = 12.0;
				LD_RUNPATH_SEARCH_PATHS = (
					"$(inherited)",
					"@executable_path/Frameworks",
				);
				PRODUCT_BUNDLE_IDENTIFIER = IK.CleanWeatherApp;
				PRODUCT_NAME = "$(TARGET_NAME)";
				SWIFT_VERSION = 5.0;
				TARGETED_DEVICE_FAMILY = "1,2";
			};
			name = Debug;
		};
		A2884C7327138DD2005CEA95 /* Release */ = {
			isa = XCBuildConfiguration;
			buildSettings = {
				ASSETCATALOG_COMPILER_APPICON_NAME = AppIcon;
				ASSETCATALOG_COMPILER_GLOBAL_ACCENT_COLOR_NAME = AccentColor;
				CODE_SIGN_STYLE = Automatic;
				DEVELOPMENT_TEAM = 4CV999C7WN;
				INFOPLIST_FILE = CleanWeatherApp/Info.plist;
				IPHONEOS_DEPLOYMENT_TARGET = 12.0;
				LD_RUNPATH_SEARCH_PATHS = (
					"$(inherited)",
					"@executable_path/Frameworks",
				);
				PRODUCT_BUNDLE_IDENTIFIER = IK.CleanWeatherApp;
				PRODUCT_NAME = "$(TARGET_NAME)";
				SWIFT_VERSION = 5.0;
				TARGETED_DEVICE_FAMILY = "1,2";
			};
			name = Release;
		};
/* End XCBuildConfiguration section */

/* Begin XCConfigurationList section */
		A2884C5527138DCF005CEA95 /* Build configuration list for PBXProject "CleanWeatherApp" */ = {
			isa = XCConfigurationList;
			buildConfigurations = (
				A2884C6F27138DD2005CEA95 /* Debug */,
				A2884C7027138DD2005CEA95 /* Release */,
			);
			defaultConfigurationIsVisible = 0;
			defaultConfigurationName = Release;
		};
		A2884C7127138DD2005CEA95 /* Build configuration list for PBXNativeTarget "CleanWeatherApp" */ = {
			isa = XCConfigurationList;
			buildConfigurations = (
				A2884C7227138DD2005CEA95 /* Debug */,
				A2884C7327138DD2005CEA95 /* Release */,
			);
			defaultConfigurationIsVisible = 0;
			defaultConfigurationName = Release;
		};
/* End XCConfigurationList section */

/* Begin XCVersionGroup section */
		A2884C6627138DCF005CEA95 /* CleanWeatherApp.xcdatamodeld */ = {
			isa = XCVersionGroup;
			children = (
				A2884C6727138DCF005CEA95 /* CleanWeatherApp.xcdatamodel */,
			);
			currentVersion = A2884C6727138DCF005CEA95 /* CleanWeatherApp.xcdatamodel */;
			path = CleanWeatherApp.xcdatamodeld;
			sourceTree = "<group>";
			versionGroupType = wrapper.xcdatamodel;
		};
/* End XCVersionGroup section */
	};
	rootObject = A2884C5227138DCF005CEA95 /* Project object */;
}
